
Microsoft Visual Studio Solution File, Format Version 12.00
# Visual Studio Version 16
VisualStudioVersion = 16.0.30907.101
MinimumVisualStudioVersion = 10.0.40219.1
Project("{9A19103F-16F7-4668-BE54-9A1E7A4F7556}") = "GomokuRpc.WebApi", "GomokuRpc.WebApi\GomokuRpc.WebApi.csproj", "{CF3B5568-97AC-4ED8-844F-FCE2A21EE93D}"
EndProject
Project("{9A19103F-16F7-4668-BE54-9A1E7A4F7556}") = "GomokuRpc.Core", "GomokuRpc.Core\GomokuRpc.Core.csproj", "{45FA714E-B171-48F8-95D6-A68C264ECB8B}"
EndProject
Project("{9A19103F-16F7-4668-BE54-9A1E7A4F7556}") = "GomokuRpc.Mobile", "GomokuRpc.Mobile\GomokuRpc.Mobile\GomokuRpc.Mobile.csproj", "{3E4666B8-5C2F-49B0-AC36-71131DD4B80B}"
EndProject
Project("{FAE04EC0-301F-11D3-BF4B-00C04F79EFBC}") = "GomokuRpc.Mobile.Android", "GomokuRpc.Mobile\GomokuRpc.Mobile.Android\GomokuRpc.Mobile.Android.csproj", "{38FA49F0-F172-4C34-BF58-148382B391C0}"
EndProject
Project("{FAE04EC0-301F-11D3-BF4B-00C04F79EFBC}") = "GomokuRpc.Mobile.iOS", "GomokuRpc.Mobile\GomokuRpc.Mobile.iOS\GomokuRpc.Mobile.iOS.csproj", "{5328D8FC-D581-4F29-9D34-07B4E00C9684}"
EndProject
Project("{9A19103F-16F7-4668-BE54-9A1E7A4F7556}") = "GomokuRpc.Storage", "GomokuRpc.Storage\GomokuRpc.Storage.csproj", "{25078023-DD93-4E73-A7C1-C39DD4116343}"
EndProject
Project("{9A19103F-16F7-4668-BE54-9A1E7A4F7556}") = "GomokuRpc.Contracts", "GomokuRpc.Contracts\GomokuRpc.Contracts.csproj", "{C11D4614-6619-4271-B59F-DA7D2E1254E6}"
EndProject
Project("{FAE04EC0-301F-11D3-BF4B-00C04F79EFBC}") = "GomokuRpc.WebClient", "GomokuRpc.WebClient\GomokuRpc.WebClient.csproj", "{99FBA765-F2EE-4E6B-8E2E-491055CCC581}"
EndProject
Global
	GlobalSection(SolutionConfigurationPlatforms) = preSolution
		Debug|Any CPU = Debug|Any CPU
		Debug|iPhone = Debug|iPhone
		Debug|iPhoneSimulator = Debug|iPhoneSimulator
		Release|Any CPU = Release|Any CPU
		Release|iPhone = Release|iPhone
		Release|iPhoneSimulator = Release|iPhoneSimulator
	EndGlobalSection
	GlobalSection(ProjectConfigurationPlatforms) = postSolution
		{CF3B5568-97AC-4ED8-844F-FCE2A21EE93D}.Debug|Any CPU.ActiveCfg = Debug|Any CPU
		{CF3B5568-97AC-4ED8-844F-FCE2A21EE93D}.Debug|Any CPU.Build.0 = Debug|Any CPU
		{CF3B5568-97AC-4ED8-844F-FCE2A21EE93D}.Debug|iPhone.ActiveCfg = Debug|Any CPU
		{CF3B5568-97AC-4ED8-844F-FCE2A21EE93D}.Debug|iPhone.Build.0 = Debug|Any CPU
		{CF3B5568-97AC-4ED8-844F-FCE2A21EE93D}.Debug|iPhoneSimulator.ActiveCfg = Debug|Any CPU
		{CF3B5568-97AC-4ED8-844F-FCE2A21EE93D}.Debug|iPhoneSimulator.Build.0 = Debug|Any CPU
		{CF3B5568-97AC-4ED8-844F-FCE2A21EE93D}.Release|Any CPU.ActiveCfg = Release|Any CPU
		{CF3B5568-97AC-4ED8-844F-FCE2A21EE93D}.Release|Any CPU.Build.0 = Release|Any CPU
		{CF3B5568-97AC-4ED8-844F-FCE2A21EE93D}.Release|iPhone.ActiveCfg = Release|Any CPU
		{CF3B5568-97AC-4ED8-844F-FCE2A21EE93D}.Release|iPhone.Build.0 = Release|Any CPU
		{CF3B5568-97AC-4ED8-844F-FCE2A21EE93D}.Release|iPhoneSimulator.ActiveCfg = Release|Any CPU
		{CF3B5568-97AC-4ED8-844F-FCE2A21EE93D}.Release|iPhoneSimulator.Build.0 = Release|Any CPU
		{45FA714E-B171-48F8-95D6-A68C264ECB8B}.Debug|Any CPU.ActiveCfg = Debug|Any CPU
		{45FA714E-B171-48F8-95D6-A68C264ECB8B}.Debug|Any CPU.Build.0 = Debug|Any CPU
		{45FA714E-B171-48F8-95D6-A68C264ECB8B}.Debug|iPhone.ActiveCfg = Debug|Any CPU
		{45FA714E-B171-48F8-95D6-A68C264ECB8B}.Debug|iPhone.Build.0 = Debug|Any CPU
		{45FA714E-B171-48F8-95D6-A68C264ECB8B}.Debug|iPhoneSimulator.ActiveCfg = Debug|Any CPU
		{45FA714E-B171-48F8-95D6-A68C264ECB8B}.Debug|iPhoneSimulator.Build.0 = Debug|Any CPU
		{45FA714E-B171-48F8-95D6-A68C264ECB8B}.Release|Any CPU.ActiveCfg = Release|Any CPU
		{45FA714E-B171-48F8-95D6-A68C264ECB8B}.Release|Any CPU.Build.0 = Release|Any CPU
		{45FA714E-B171-48F8-95D6-A68C264ECB8B}.Release|iPhone.ActiveCfg = Release|Any CPU
		{45FA714E-B171-48F8-95D6-A68C264ECB8B}.Release|iPhone.Build.0 = Release|Any CPU
		{45FA714E-B171-48F8-95D6-A68C264ECB8B}.Release|iPhoneSimulator.ActiveCfg = Release|Any CPU
		{45FA714E-B171-48F8-95D6-A68C264ECB8B}.Release|iPhoneSimulator.Build.0 = Release|Any CPU
		{3E4666B8-5C2F-49B0-AC36-71131DD4B80B}.Debug|Any CPU.ActiveCfg = Debug|Any CPU
		{3E4666B8-5C2F-49B0-AC36-71131DD4B80B}.Debug|Any CPU.Build.0 = Debug|Any CPU
		{3E4666B8-5C2F-49B0-AC36-71131DD4B80B}.Debug|iPhone.ActiveCfg = Debug|Any CPU
		{3E4666B8-5C2F-49B0-AC36-71131DD4B80B}.Debug|iPhone.Build.0 = Debug|Any CPU
		{3E4666B8-5C2F-49B0-AC36-71131DD4B80B}.Debug|iPhoneSimulator.ActiveCfg = Debug|Any CPU
		{3E4666B8-5C2F-49B0-AC36-71131DD4B80B}.Debug|iPhoneSimulator.Build.0 = Debug|Any CPU
		{3E4666B8-5C2F-49B0-AC36-71131DD4B80B}.Release|Any CPU.ActiveCfg = Release|Any CPU
		{3E4666B8-5C2F-49B0-AC36-71131DD4B80B}.Release|Any CPU.Build.0 = Release|Any CPU
		{3E4666B8-5C2F-49B0-AC36-71131DD4B80B}.Release|iPhone.ActiveCfg = Release|Any CPU
		{3E4666B8-5C2F-49B0-AC36-71131DD4B80B}.Release|iPhone.Build.0 = Release|Any CPU
		{3E4666B8-5C2F-49B0-AC36-71131DD4B80B}.Release|iPhoneSimulator.ActiveCfg = Release|Any CPU
		{3E4666B8-5C2F-49B0-AC36-71131DD4B80B}.Release|iPhoneSimulator.Build.0 = Release|Any CPU
		{38FA49F0-F172-4C34-BF58-148382B391C0}.Debug|Any CPU.ActiveCfg = Debug|Any CPU
		{38FA49F0-F172-4C34-BF58-148382B391C0}.Debug|Any CPU.Build.0 = Debug|Any CPU
		{38FA49F0-F172-4C34-BF58-148382B391C0}.Debug|Any CPU.Deploy.0 = Debug|Any CPU
		{38FA49F0-F172-4C34-BF58-148382B391C0}.Debug|iPhone.ActiveCfg = Debug|Any CPU
		{38FA49F0-F172-4C34-BF58-148382B391C0}.Debug|iPhone.Build.0 = Debug|Any CPU
		{38FA49F0-F172-4C34-BF58-148382B391C0}.Debug|iPhone.Deploy.0 = Debug|Any CPU
		{38FA49F0-F172-4C34-BF58-148382B391C0}.Debug|iPhoneSimulator.ActiveCfg = Debug|Any CPU
		{38FA49F0-F172-4C34-BF58-148382B391C0}.Debug|iPhoneSimulator.Build.0 = Debug|Any CPU
		{38FA49F0-F172-4C34-BF58-148382B391C0}.Debug|iPhoneSimulator.Deploy.0 = Debug|Any CPU
		{38FA49F0-F172-4C34-BF58-148382B391C0}.Release|Any CPU.ActiveCfg = Release|Any CPU
		{38FA49F0-F172-4C34-BF58-148382B391C0}.Release|Any CPU.Build.0 = Release|Any CPU
		{38FA49F0-F172-4C34-BF58-148382B391C0}.Release|Any CPU.Deploy.0 = Release|Any CPU
		{38FA49F0-F172-4C34-BF58-148382B391C0}.Release|iPhone.ActiveCfg = Release|Any CPU
		{38FA49F0-F172-4C34-BF58-148382B391C0}.Release|iPhone.Build.0 = Release|Any CPU
		{38FA49F0-F172-4C34-BF58-148382B391C0}.Release|iPhone.Deploy.0 = Release|Any CPU
		{38FA49F0-F172-4C34-BF58-148382B391C0}.Release|iPhoneSimulator.ActiveCfg = Release|Any CPU
		{38FA49F0-F172-4C34-BF58-148382B391C0}.Release|iPhoneSimulator.Build.0 = Release|Any CPU
		{38FA49F0-F172-4C34-BF58-148382B391C0}.Release|iPhoneSimulator.Deploy.0 = Release|Any CPU
		{5328D8FC-D581-4F29-9D34-07B4E00C9684}.Debug|Any CPU.ActiveCfg = Debug|iPhoneSimulator
		{5328D8FC-D581-4F29-9D34-07B4E00C9684}.Debug|iPhone.ActiveCfg = Debug|iPhone
		{5328D8FC-D581-4F29-9D34-07B4E00C9684}.Debug|iPhone.Build.0 = Debug|iPhone
		{5328D8FC-D581-4F29-9D34-07B4E00C9684}.Debug|iPhoneSimulator.ActiveCfg = Debug|iPhoneSimulator
		{5328D8FC-D581-4F29-9D34-07B4E00C9684}.Debug|iPhoneSimulator.Build.0 = Debug|iPhoneSimulator
		{5328D8FC-D581-4F29-9D34-07B4E00C9684}.Release|Any CPU.ActiveCfg = Release|iPhoneSimulator
		{5328D8FC-D581-4F29-9D34-07B4E00C9684}.Release|iPhone.ActiveCfg = Release|iPhone
		{5328D8FC-D581-4F29-9D34-07B4E00C9684}.Release|iPhone.Build.0 = Release|iPhone
		{5328D8FC-D581-4F29-9D34-07B4E00C9684}.Release|iPhoneSimulator.ActiveCfg = Release|iPhoneSimulator
		{5328D8FC-D581-4F29-9D34-07B4E00C9684}.Release|iPhoneSimulator.Build.0 = Release|iPhoneSimulator
		{25078023-DD93-4E73-A7C1-C39DD4116343}.Debug|Any CPU.ActiveCfg = Debug|Any CPU
		{25078023-DD93-4E73-A7C1-C39DD4116343}.Debug|Any CPU.Build.0 = Debug|Any CPU
		{25078023-DD93-4E73-A7C1-C39DD4116343}.Debug|iPhone.ActiveCfg = Debug|Any CPU
		{25078023-DD93-4E73-A7C1-C39DD4116343}.Debug|iPhone.Build.0 = Debug|Any CPU
		{25078023-DD93-4E73-A7C1-C39DD4116343}.Debug|iPhoneSimulator.ActiveCfg = Debug|Any CPU
		{25078023-DD93-4E73-A7C1-C39DD4116343}.Debug|iPhoneSimulator.Build.0 = Debug|Any CPU
		{25078023-DD93-4E73-A7C1-C39DD4116343}.Release|Any CPU.ActiveCfg = Release|Any CPU
		{25078023-DD93-4E73-A7C1-C39DD4116343}.Release|Any CPU.Build.0 = Release|Any CPU
		{25078023-DD93-4E73-A7C1-C39DD4116343}.Release|iPhone.ActiveCfg = Release|Any CPU
		{25078023-DD93-4E73-A7C1-C39DD4116343}.Release|iPhone.Build.0 = Release|Any CPU
		{25078023-DD93-4E73-A7C1-C39DD4116343}.Release|iPhoneSimulator.ActiveCfg = Release|Any CPU
		{25078023-DD93-4E73-A7C1-C39DD4116343}.Release|iPhoneSimulator.Build.0 = Release|Any CPU
		{C11D4614-6619-4271-B59F-DA7D2E1254E6}.Debug|Any CPU.ActiveCfg = Debug|Any CPU
		{C11D4614-6619-4271-B59F-DA7D2E1254E6}.Debug|Any CPU.Build.0 = Debug|Any CPU
		{C11D4614-6619-4271-B59F-DA7D2E1254E6}.Debug|iPhone.ActiveCfg = Debug|Any CPU
		{C11D4614-6619-4271-B59F-DA7D2E1254E6}.Debug|iPhone.Build.0 = Debug|Any CPU
		{C11D4614-6619-4271-B59F-DA7D2E1254E6}.Debug|iPhoneSimulator.ActiveCfg = Debug|Any CPU
		{C11D4614-6619-4271-B59F-DA7D2E1254E6}.Debug|iPhoneSimulator.Build.0 = Debug|Any CPU
		{C11D4614-6619-4271-B59F-DA7D2E1254E6}.Release|Any CPU.ActiveCfg = Release|Any CPU
		{C11D4614-6619-4271-B59F-DA7D2E1254E6}.Release|Any CPU.Build.0 = Release|Any CPU
		{C11D4614-6619-4271-B59F-DA7D2E1254E6}.Release|iPhone.ActiveCfg = Release|Any CPU
		{C11D4614-6619-4271-B59F-DA7D2E1254E6}.Release|iPhone.Build.0 = Release|Any CPU
		{C11D4614-6619-4271-B59F-DA7D2E1254E6}.Release|iPhoneSimulator.ActiveCfg = Release|Any CPU
		{C11D4614-6619-4271-B59F-DA7D2E1254E6}.Release|iPhoneSimulator.Build.0 = Release|Any CPU
		{99FBA765-F2EE-4E6B-8E2E-491055CCC581}.Debug|Any CPU.ActiveCfg = Debug|Any CPU
		{99FBA765-F2EE-4E6B-8E2E-491055CCC581}.Debug|Any CPU.Build.0 = Debug|Any CPU
		{99FBA765-F2EE-4E6B-8E2E-491055CCC581}.Debug|iPhone.ActiveCfg = Debug|Any CPU
		{99FBA765-F2EE-4E6B-8E2E-491055CCC581}.Debug|iPhone.Build.0 = Debug|Any CPU
		{99FBA765-F2EE-4E6B-8E2E-491055CCC581}.Debug|iPhoneSimulator.ActiveCfg = Debug|Any CPU
		{99FBA765-F2EE-4E6B-8E2E-491055CCC581}.Debug|iPhoneSimulator.Build.0 = Debug|Any CPU
		{99FBA765-F2EE-4E6B-8E2E-491055CCC581}.Release|Any CPU.ActiveCfg = Release|Any CPU
		{99FBA765-F2EE-4E6B-8E2E-491055CCC581}.Release|Any CPU.Build.0 = Release|Any CPU
		{99FBA765-F2EE-4E6B-8E2E-491055CCC581}.Release|iPhone.ActiveCfg = Release|Any CPU
		{99FBA765-F2EE-4E6B-8E2E-491055CCC581}.Release|iPhone.Build.0 = Release|Any CPU
		{99FBA765-F2EE-4E6B-8E2E-491055CCC581}.Release|iPhoneSimulator.ActiveCfg = Release|Any CPU
		{99FBA765-F2EE-4E6B-8E2E-491055CCC581}.Release|iPhoneSimulator.Build.0 = Release|Any CPU
	EndGlobalSection
	GlobalSection(SolutionProperties) = preSolution
		HideSolutionNode = FALSE
	EndGlobalSection
	GlobalSection(ExtensibilityGlobals) = postSolution
		SolutionGuid = {8B0DBBE7-3B35-45F5-8D20-F2A226C308B0}
	EndGlobalSection
EndGlobal
